{
  "nodes": {
    "nixpkgs": {
      "locked": {
        "lastModified": 1652909436,
        "narHash": "sha256-+FO/NwHdqqva7FqPMmciOHaAQYHMpswEC3QsuNTsWXw=",
        "owner": "NixOS",
        "repo": "nixpkgs",
        "rev": "4042f7b3752e1420b40eb6e337d187cea666c1e3",
        "type": "github"
      },
      "original": {
        "owner": "NixOS",
        "ref": "master",
        "repo": "nixpkgs",
        "type": "github"
      }
    },
    "root": {
      "inputs": {
        "nixpkgs": "nixpkgs",
        "utils": "utils"
      }
    },
    "utils": {
      "locked": {
        "lastModified": 1652776076,
        "narHash": "sha256-gzTw/v1vj4dOVbpBSJX4J0DwUR6LIyXo7/SuuTJp1kM=",
        "owner": "numtide",
        "repo": "flake-utils",
        "rev": "04c1b180862888302ddfb2e3ad9eaa63afc60cf8",
        "type": "github"
      },
      "original": {
        "owner": "numtide",
        "repo": "flake-utils",
        "type": "github"
      }
    }
  },
  "root": "root",
  "version": 7
}
