{
  "nodes": {
    "nixpkgs": {
      "locked": {
        "lastModified": 1643453867,
        "narHash": "sha256-P4rybF0oF43hWlXmDA1Z+3mOJh+GqsaCBmD1LN3L3IQ=",
        "owner": "NixOS",
        "repo": "nixpkgs",
        "rev": "4e6b2fe2064f99e68be05720947ee15884597f9f",
        "type": "github"
      },
      "original": {
        "owner": "NixOS",
        "ref": "master",
        "repo": "nixpkgs",
        "type": "github"
      }
    },
    "root": {
      "inputs": {
        "nixpkgs": "nixpkgs",
        "utils": "utils"
      }
    },
    "utils": {
      "locked": {
        "lastModified": 1637014545,
        "narHash": "sha256-26IZAc5yzlD9FlDT54io1oqG/bBoyka+FJk5guaX4x4=",
        "owner": "numtide",
        "repo": "flake-utils",
        "rev": "bba5dcc8e0b20ab664967ad83d24d64cb64ec4f4",
        "type": "github"
      },
      "original": {
        "owner": "numtide",
        "repo": "flake-utils",
        "type": "github"
      }
    }
  },
  "root": "root",
  "version": 7
}
